
Microsoft Visual Studio Solution File, Format Version 12.00
# Visual Studio 15
VisualStudioVersion = 15.0.28307.102
MinimumVisualStudioVersion = 10.0.40219.1
Project("{159641D6-6404-4A2A-AE62-294DE0FE8301}") = "Cars_Integration", "Cars_Integration\Cars_Integration.dtproj", "{AF952640-3F45-446B-9A25-D7FF5113AD86}"
EndProject
Global
	GlobalSection(SolutionConfigurationPlatforms) = preSolution
		Development|Default = Development|Default
	EndGlobalSection
	GlobalSection(ProjectConfigurationPlatforms) = postSolution
		{AF952640-3F45-446B-9A25-D7FF5113AD86}.Development|Default.ActiveCfg = Development
		{AF952640-3F45-446B-9A25-D7FF5113AD86}.Development|Default.Build.0 = Development
	EndGlobalSection
	GlobalSection(SolutionProperties) = preSolution
		HideSolutionNode = FALSE
	EndGlobalSection
	GlobalSection(ExtensibilityGlobals) = postSolution
		SolutionGuid = {12C068D7-D1AA-4C43-AF34-B9110AF3E077}
	EndGlobalSection
EndGlobal
